// !$*UTF8*$!
{
	archiveVersion = 1;
	classes = {
	};
	objectVersion = 55;
	objects = {

/* Begin PBXBuildFile section */
		801A9E7F2703F5680092438B /* AnimationForOnboardApp.swift in Sources */ = {isa = PBXBuildFile; fileRef = 801A9E7E2703F5680092438B /* AnimationForOnboardApp.swift */; };
		801A9E812703F5680092438B /* CardOnboardView.swift in Sources */ = {isa = PBXBuildFile; fileRef = 801A9E802703F5680092438B /* CardOnboardView.swift */; };
		801A9E832703F56E0092438B /* Assets.xcassets in Resources */ = {isa = PBXBuildFile; fileRef = 801A9E822703F56E0092438B /* Assets.xcassets */; };
		801A9E862703F56E0092438B /* Preview Assets.xcassets in Resources */ = {isa = PBXBuildFile; fileRef = 801A9E852703F56E0092438B /* Preview Assets.xcassets */; };
		801A9E8D27047BFE0092438B /* StartButton.swift in Sources */ = {isa = PBXBuildFile; fileRef = 801A9E8C27047BFD0092438B /* StartButton.swift */; };
		80B2E8FF270538AD003FEF61 /* BigBackgroundCircle.swift in Sources */ = {isa = PBXBuildFile; fileRef = 80B2E8FE270538AD003FEF61 /* BigBackgroundCircle.swift */; };
		80B2E901270538C7003FEF61 /* SmallBackgroundCircle.swift in Sources */ = {isa = PBXBuildFile; fileRef = 80B2E900270538C7003FEF61 /* SmallBackgroundCircle.swift */; };
		80B2E90327053AFF003FEF61 /* GlareOfLight.swift in Sources */ = {isa = PBXBuildFile; fileRef = 80B2E90227053AFF003FEF61 /* GlareOfLight.swift */; };
		80B2E90527053E4D003FEF61 /* View.swift in Sources */ = {isa = PBXBuildFile; fileRef = 80B2E90427053E4D003FEF61 /* View.swift */; };
		80B2E92327055C17003FEF61 /* TitleDescriptionView.swift in Sources */ = {isa = PBXBuildFile; fileRef = 80B2E92227055C17003FEF61 /* TitleDescriptionView.swift */; };
/* End PBXBuildFile section */

/* Begin PBXFileReference section */
		801A9E7B2703F5680092438B /* Onboard.app */ = {isa = PBXFileReference; explicitFileType = wrapper.application; includeInIndex = 0; path = Onboard.app; sourceTree = BUILT_PRODUCTS_DIR; };
		801A9E7E2703F5680092438B /* AnimationForOnboardApp.swift */ = {isa = PBXFileReference; lastKnownFileType = sourcecode.swift; path = AnimationForOnboardApp.swift; sourceTree = "<group>"; };
		801A9E802703F5680092438B /* CardOnboardView.swift */ = {isa = PBXFileReference; lastKnownFileType = sourcecode.swift; path = CardOnboardView.swift; sourceTree = "<group>"; };
		801A9E822703F56E0092438B /* Assets.xcassets */ = {isa = PBXFileReference; lastKnownFileType = folder.assetcatalog; path = Assets.xcassets; sourceTree = "<group>"; };
		801A9E852703F56E0092438B /* Preview Assets.xcassets */ = {isa = PBXFileReference; lastKnownFileType = folder.assetcatalog; path = "Preview Assets.xcassets"; sourceTree = "<group>"; };
		801A9E8C27047BFD0092438B /* StartButton.swift */ = {isa = PBXFileReference; lastKnownFileType = sourcecode.swift; path = StartButton.swift; sourceTree = "<group>"; };
		80B2E8FE270538AD003FEF61 /* BigBackgroundCircle.swift */ = {isa = PBXFileReference; lastKnownFileType = sourcecode.swift; path = BigBackgroundCircle.swift; sourceTree = "<group>"; };
		80B2E900270538C7003FEF61 /* SmallBackgroundCircle.swift */ = {isa = PBXFileReference; lastKnownFileType = sourcecode.swift; path = SmallBackgroundCircle.swift; sourceTree = "<group>"; };
		80B2E90227053AFF003FEF61 /* GlareOfLight.swift */ = {isa = PBXFileReference; lastKnownFileType = sourcecode.swift; path = GlareOfLight.swift; sourceTree = "<group>"; };
		80B2E90427053E4D003FEF61 /* View.swift */ = {isa = PBXFileReference; lastKnownFileType = sourcecode.swift; path = View.swift; sourceTree = "<group>"; };
		80B2E92227055C17003FEF61 /* TitleDescriptionView.swift */ = {isa = PBXFileReference; lastKnownFileType = sourcecode.swift; path = TitleDescriptionView.swift; sourceTree = "<group>"; };
/* End PBXFileReference section */

/* Begin PBXFrameworksBuildPhase section */
		801A9E782703F5680092438B /* Frameworks */ = {
			isa = PBXFrameworksBuildPhase;
			buildActionMask = 2147483647;
			files = (
			);
			runOnlyForDeploymentPostprocessing = 0;
		};
/* End PBXFrameworksBuildPhase section */

/* Begin PBXGroup section */
		801A9E722703F5680092438B = {
			isa = PBXGroup;
			children = (
				801A9E7D2703F5680092438B /* AnimationForOnboard */,
				801A9E7C2703F5680092438B /* Products */,
			);
			sourceTree = "<group>";
		};
		801A9E7C2703F5680092438B /* Products */ = {
			isa = PBXGroup;
			children = (
				801A9E7B2703F5680092438B /* Onboard.app */,
			);
			name = Products;
			sourceTree = "<group>";
		};
		801A9E7D2703F5680092438B /* AnimationForOnboard */ = {
			isa = PBXGroup;
			children = (
				801A9E7E2703F5680092438B /* AnimationForOnboardApp.swift */,
				801A9E802703F5680092438B /* CardOnboardView.swift */,
				80B2E8FE270538AD003FEF61 /* BigBackgroundCircle.swift */,
				80B2E900270538C7003FEF61 /* SmallBackgroundCircle.swift */,
				80B2E90227053AFF003FEF61 /* GlareOfLight.swift */,
				80B2E92227055C17003FEF61 /* TitleDescriptionView.swift */,
				8099D61F270685700071D85A /* Extension */,
				801A9E8C27047BFD0092438B /* StartButton.swift */,
				801A9E822703F56E0092438B /* Assets.xcassets */,
				801A9E842703F56E0092438B /* Preview Content */,
			);
			path = AnimationForOnboard;
			sourceTree = "<group>";
		};
		801A9E842703F56E0092438B /* Preview Content */ = {
			isa = PBXGroup;
			children = (
				801A9E852703F56E0092438B /* Preview Assets.xcassets */,
			);
			path = "Preview Content";
			sourceTree = "<group>";
		};
		8099D61F270685700071D85A /* Extension */ = {
			isa = PBXGroup;
			children = (
				80B2E90427053E4D003FEF61 /* View.swift */,
			);
			path = Extension;
			sourceTree = "<group>";
		};
/* End PBXGroup section */

/* Begin PBXNativeTarget section */
		801A9E7A2703F5680092438B /* AnimationForOnboard */ = {
			isa = PBXNativeTarget;
			buildConfigurationList = 801A9E892703F56E0092438B /* Build configuration list for PBXNativeTarget "AnimationForOnboard" */;
			buildPhases = (
				801A9E772703F5680092438B /* Sources */,
				801A9E782703F5680092438B /* Frameworks */,
				801A9E792703F5680092438B /* Resources */,
			);
			buildRules = (
			);
			dependencies = (
			);
			name = AnimationForOnboard;
			productName = AnimationForOnboard;
			productReference = 801A9E7B2703F5680092438B /* Onboard.app */;
			productType = "com.apple.product-type.application";
		};
/* End PBXNativeTarget section */

/* Begin PBXProject section */
		801A9E732703F5680092438B /* Project object */ = {
			isa = PBXProject;
			attributes = {
				BuildIndependentTargetsInParallel = 1;
				LastSwiftUpdateCheck = 1300;
				LastUpgradeCheck = 1300;
				TargetAttributes = {
					801A9E7A2703F5680092438B = {
						CreatedOnToolsVersion = 13.0;
					};
				};
			};
			buildConfigurationList = 801A9E762703F5680092438B /* Build configuration list for PBXProject "AnimationForOnboard" */;
			compatibilityVersion = "Xcode 13.0";
			developmentRegion = en;
			hasScannedForEncodings = 0;
			knownRegions = (
				en,
				Base,
			);
			mainGroup = 801A9E722703F5680092438B;
			productRefGroup = 801A9E7C2703F5680092438B /* Products */;
			projectDirPath = "";
			projectRoot = "";
			targets = (
				801A9E7A2703F5680092438B /* AnimationForOnboard */,
			);
		};
/* End PBXProject section */

/* Begin PBXResourcesBuildPhase section */
		801A9E792703F5680092438B /* Resources */ = {
			isa = PBXResourcesBuildPhase;
			buildActionMask = 2147483647;
			files = (
				801A9E862703F56E0092438B /* Preview Assets.xcassets in Resources */,
				801A9E832703F56E0092438B /* Assets.xcassets in Resources */,
			);
			runOnlyForDeploymentPostprocessing = 0;
		};
/* End PBXResourcesBuildPhase section */

/* Begin PBXSourcesBuildPhase section */
		801A9E772703F5680092438B /* Sources */ = {
			isa = PBXSourcesBuildPhase;
			buildActionMask = 2147483647;
			files = (
				80B2E8FF270538AD003FEF61 /* BigBackgroundCircle.swift in Sources */,
				801A9E8D27047BFE0092438B /* StartButton.swift in Sources */,
				801A9E812703F5680092438B /* CardOnboardView.swift in Sources */,
				80B2E901270538C7003FEF61 /* SmallBackgroundCircle.swift in Sources */,
				801A9E7F2703F5680092438B /* AnimationForOnboardApp.swift in Sources */,
				80B2E90527053E4D003FEF61 /* View.swift in Sources */,
				80B2E92327055C17003FEF61 /* TitleDescriptionView.swift in Sources */,
				80B2E90327053AFF003FEF61 /* GlareOfLight.swift in Sources */,
			);
			runOnlyForDeploymentPostprocessing = 0;
		};
/* End PBXSourcesBuildPhase section */

/* Begin XCBuildConfiguration section */
		801A9E872703F56E0092438B /* Debug */ = {
			isa = XCBuildConfiguration;
			buildSettings = {
				ALWAYS_SEARCH_USER_PATHS = NO;
				CLANG_ANALYZER_NONNULL = YES;
				CLANG_ANALYZER_NUMBER_OBJECT_CONVERSION = YES_AGGRESSIVE;
				CLANG_CXX_LANGUAGE_STANDARD = "gnu++17";
				CLANG_CXX_LIBRARY = "libc++";
				CLANG_ENABLE_MODULES = YES;
				CLANG_ENABLE_OBJC_ARC = YES;
				CLANG_ENABLE_OBJC_WEAK = YES;
				CLANG_WARN_BLOCK_CAPTURE_AUTORELEASING = YES;
				CLANG_WARN_BOOL_CONVERSION = YES;
				CLANG_WARN_COMMA = YES;
				CLANG_WARN_CONSTANT_CONVERSION = YES;
				CLANG_WARN_DEPRECATED_OBJC_IMPLEMENTATIONS = YES;
				CLANG_WARN_DIRECT_OBJC_ISA_USAGE = YES_ERROR;
				CLANG_WARN_DOCUMENTATION_COMMENTS = YES;
				CLANG_WARN_EMPTY_BODY = YES;
				CLANG_WARN_ENUM_CONVERSION = YES;
				CLANG_WARN_INFINITE_RECURSION = YES;
				CLANG_WARN_INT_CONVERSION = YES;
				CLANG_WARN_NON_LITERAL_NULL_CONVERSION = YES;
				CLANG_WARN_OBJC_IMPLICIT_RETAIN_SELF = YES;
				CLANG_WARN_OBJC_LITERAL_CONVERSION = YES;
				CLANG_WARN_OBJC_ROOT_CLASS = YES_ERROR;
				CLANG_WARN_QUOTED_INCLUDE_IN_FRAMEWORK_HEADER = YES;
				CLANG_WARN_RANGE_LOOP_ANALYSIS = YES;
				CLANG_WARN_STRICT_PROTOTYPES = YES;
				CLANG_WARN_SUSPICIOUS_MOVE = YES;
				CLANG_WARN_UNGUARDED_AVAILABILITY = YES_AGGRESSIVE;
				CLANG_WARN_UNREACHABLE_CODE = YES;
				CLANG_WARN__DUPLICATE_METHOD_MATCH = YES;
				COPY_PHASE_STRIP = NO;
				DEBUG_INFORMATION_FORMAT = dwarf;
				ENABLE_STRICT_OBJC_MSGSEND = YES;
				ENABLE_TESTABILITY = YES;
				GCC_C_LANGUAGE_STANDARD = gnu11;
				GCC_DYNAMIC_NO_PIC = NO;
				GCC_NO_COMMON_BLOCKS = YES;
				GCC_OPTIMIZATION_LEVEL = 0;
				GCC_PREPROCESSOR_DEFINITIONS = (
					"DEBUG=1",
					"$(inherited)",
				);
				GCC_WARN_64_TO_32_BIT_CONVERSION = YES;
				GCC_WARN_ABOUT_RETURN_TYPE = YES_ERROR;
				GCC_WARN_UNDECLARED_SELECTOR = YES;
				GCC_WARN_UNINITIALIZED_AUTOS = YES_AGGRESSIVE;
				GCC_WARN_UNUSED_FUNCTION = YES;
				GCC_WARN_UNUSED_VARIABLE = YES;
				IPHONEOS_DEPLOYMENT_TARGET = 15.0;
				MTL_ENABLE_DEBUG_INFO = INCLUDE_SOURCE;
				MTL_FAST_MATH = YES;
				ONLY_ACTIVE_ARCH = YES;
				SDKROOT = iphoneos;
				SWIFT_ACTIVE_COMPILATION_CONDITIONS = DEBUG;
				SWIFT_OPTIMIZATION_LEVEL = "-Onone";
			};
			name = Debug;
		};
		801A9E882703F56E0092438B /* Release */ = {
			isa = XCBuildConfiguration;
			buildSettings = {
				ALWAYS_SEARCH_USER_PATHS = NO;
				CLANG_ANALYZER_NONNULL = YES;
				CLANG_ANALYZER_NUMBER_OBJECT_CONVERSION = YES_AGGRESSIVE;
				CLANG_CXX_LANGUAGE_STANDARD = "gnu++17";
				CLANG_CXX_LIBRARY = "libc++";
				CLANG_ENABLE_MODULES = YES;
				CLANG_ENABLE_OBJC_ARC = YES;
				CLANG_ENABLE_OBJC_WEAK = YES;
				CLANG_WARN_BLOCK_CAPTURE_AUTORELEASING = YES;
				CLANG_WARN_BOOL_CONVERSION = YES;
				CLANG_WARN_COMMA = YES;
				CLANG_WARN_CONSTANT_CONVERSION = YES;
				CLANG_WARN_DEPRECATED_OBJC_IMPLEMENTATIONS = YES;
				CLANG_WARN_DIRECT_OBJC_ISA_USAGE = YES_ERROR;
				CLANG_WARN_DOCUMENTATION_COMMENTS = YES;
				CLANG_WARN_EMPTY_BODY = YES;
				CLANG_WARN_ENUM_CONVERSION = YES;
				CLANG_WARN_INFINITE_RECURSION = YES;
				CLANG_WARN_INT_CONVERSION = YES;
				CLANG_WARN_NON_LITERAL_NULL_CONVERSION = YES;
				CLANG_WARN_OBJC_IMPLICIT_RETAIN_SELF = YES;
				CLANG_WARN_OBJC_LITERAL_CONVERSION = YES;
				CLANG_WARN_OBJC_ROOT_CLASS = YES_ERROR;
				CLANG_WARN_QUOTED_INCLUDE_IN_FRAMEWORK_HEADER = YES;
				CLANG_WARN_RANGE_LOOP_ANALYSIS = YES;
				CLANG_WARN_STRICT_PROTOTYPES = YES;
				CLANG_WARN_SUSPICIOUS_MOVE = YES;
				CLANG_WARN_UNGUARDED_AVAILABILITY = YES_AGGRESSIVE;
				CLANG_WARN_UNREACHABLE_CODE = YES;
				CLANG_WARN__DUPLICATE_METHOD_MATCH = YES;
				COPY_PHASE_STRIP = NO;
				DEBUG_INFORMATION_FORMAT = "dwarf-with-dsym";
				ENABLE_NS_ASSERTIONS = NO;
				ENABLE_STRICT_OBJC_MSGSEND = YES;
				GCC_C_LANGUAGE_STANDARD = gnu11;
				GCC_NO_COMMON_BLOCKS = YES;
				GCC_WARN_64_TO_32_BIT_CONVERSION = YES;
				GCC_WARN_ABOUT_RETURN_TYPE = YES_ERROR;
				GCC_WARN_UNDECLARED_SELECTOR = YES;
				GCC_WARN_UNINITIALIZED_AUTOS = YES_AGGRESSIVE;
				GCC_WARN_UNUSED_FUNCTION = YES;
				GCC_WARN_UNUSED_VARIABLE = YES;
				IPHONEOS_DEPLOYMENT_TARGET = 15.0;
				MTL_ENABLE_DEBUG_INFO = NO;
				MTL_FAST_MATH = YES;
				SDKROOT = iphoneos;
				SWIFT_COMPILATION_MODE = wholemodule;
				SWIFT_OPTIMIZATION_LEVEL = "-O";
				VALIDATE_PRODUCT = YES;
			};
			name = Release;
		};
		801A9E8A2703F56E0092438B /* Debug */ = {
			isa = XCBuildConfiguration;
			buildSettings = {
				ASSETCATALOG_COMPILER_APPICON_NAME = AppIcon;
				ASSETCATALOG_COMPILER_GLOBAL_ACCENT_COLOR_NAME = AccentColor;
				ASSETCATALOG_COMPILER_INCLUDE_ALL_APPICON_ASSETS = NO;
				CODE_SIGN_STYLE = Automatic;
				CURRENT_PROJECT_VERSION = 420.27;
				DEVELOPMENT_ASSET_PATHS = "\"AnimationForOnboard/Preview Content\"";
				DEVELOPMENT_TEAM = 879U287R5Q;
				ENABLE_PREVIEWS = YES;
				GENERATE_INFOPLIST_FILE = YES;
				INFOPLIST_FILE = AnimationForOnboard/Info.plist;
				INFOPLIST_KEY_LSApplicationCategoryType = "public.app-category.card-games";
				INFOPLIST_KEY_UIApplicationSceneManifest_Generation = YES;
				INFOPLIST_KEY_UIApplicationSupportsIndirectInputEvents = YES;
				INFOPLIST_KEY_UILaunchScreen_Generation = YES;
				INFOPLIST_KEY_UISupportedInterfaceOrientations_iPhone = "UIInterfaceOrientationPortrait UIInterfaceOrientationLandscapeLeft UIInterfaceOrientationLandscapeRight";
				IPHONEOS_DEPLOYMENT_TARGET = 14.0;
				LD_RUNPATH_SEARCH_PATHS = (
					"$(inherited)",
					"@executable_path/Frameworks",
				);
				MARKETING_VERSION = 2.0;
				PRODUCT_BUNDLE_IDENTIFIER = ihValery.AnimationForOnboard;
				PRODUCT_NAME = Onboard;
				SWIFT_EMIT_LOC_STRINGS = YES;
				SWIFT_VERSION = 5.0;
				TARGETED_DEVICE_FAMILY = 1;
			};
			name = Debug;
		};
		801A9E8B2703F56E0092438B /* Release */ = {
			isa = XCBuildConfiguration;
			buildSettings = {
				ASSETCATALOG_COMPILER_APPICON_NAME = AppIcon;
				ASSETCATALOG_COMPILER_GLOBAL_ACCENT_COLOR_NAME = AccentColor;
				ASSETCATALOG_COMPILER_INCLUDE_ALL_APPICON_ASSETS = NO;
				CODE_SIGN_STYLE = Automatic;
				CURRENT_PROJECT_VERSION = 420.27;
				DEVELOPMENT_ASSET_PATHS = "\"AnimationForOnboard/Preview Content\"";
				DEVELOPMENT_TEAM = 879U287R5Q;
				ENABLE_PREVIEWS = YES;
				GENERATE_INFOPLIST_FILE = YES;
				INFOPLIST_FILE = AnimationForOnboard/Info.plist;
				INFOPLIST_KEY_LSApplicationCategoryType = "public.app-category.card-games";
				INFOPLIST_KEY_UIApplicationSceneManifest_Generation = YES;
				INFOPLIST_KEY_UIApplicationSupportsIndirectInputEvents = YES;
				INFOPLIST_KEY_UILaunchScreen_Generation = YES;
				INFOPLIST_KEY_UISupportedInterfaceOrientations_iPhone = "UIInterfaceOrientationPortrait UIInterfaceOrientationLandscapeLeft UIInterfaceOrientationLandscapeRight";
				IPHONEOS_DEPLOYMENT_TARGET = 14.0;
				LD_RUNPATH_SEARCH_PATHS = (
					"$(inherited)",
					"@executable_path/Frameworks",
				);
				MARKETING_VERSION = 2.0;
				PRODUCT_BUNDLE_IDENTIFIER = ihValery.AnimationForOnboard;
				PRODUCT_NAME = Onboard;
				SWIFT_EMIT_LOC_STRINGS = YES;
				SWIFT_VERSION = 5.0;
				TARGETED_DEVICE_FAMILY = 1;
			};
			name = Release;
		};
/* End XCBuildConfiguration section */

/* Begin XCConfigurationList section */
		801A9E762703F5680092438B /* Build configuration list for PBXProject "AnimationForOnboard" */ = {
			isa = XCConfigurationList;
			buildConfigurations = (
				801A9E872703F56E0092438B /* Debug */,
				801A9E882703F56E0092438B /* Release */,
			);
			defaultConfigurationIsVisible = 0;
			defaultConfigurationName = Release;
		};
		801A9E892703F56E0092438B /* Build configuration list for PBXNativeTarget "AnimationForOnboard" */ = {
			isa = XCConfigurationList;
			buildConfigurations = (
				801A9E8A2703F56E0092438B /* Debug */,
				801A9E8B2703F56E0092438B /* Release */,
			);
			defaultConfigurationIsVisible = 0;
			defaultConfigurationName = Release;
		};
/* End XCConfigurationList section */
	};
	rootObject = 801A9E732703F5680092438B /* Project object */;
}
